{
  "name": "mundoVirtualPosMockup",
  "lockfileVersion": 3,
  "requires": true,
  "packages": {
    "": {
      "dependencies": {
        "aframe-stereo-component": "^1.4.0"
      }
    },
    "node_modules/aframe-stereo-component": {
      "version": "1.4.0",
      "resolved": "https://registry.npmjs.org/aframe-stereo-component/-/aframe-stereo-component-1.4.0.tgz",
      "integrity": "sha512-A07hyZsCDVZ4fbIZbyu95R+mZEomJ2N3vTShtYVweZLlF5kvcMtgaBOAbaLMxVQNoMIyRqq1genZ/jJ7zPEedg==",
      "license": "MIT"
    }
  }
}
